// !$*UTF8*$!
{
	archiveVersion = 1;
	classes = {
	};
	objectVersion = 50;
	objects = {

/* Begin PBXBuildFile section */
		CC76F4AB26E9D7D000C74968 /* Assets.xcassets in Resources */ = {isa = PBXBuildFile; fileRef = CC76F4AA26E9D7D000C74968 /* Assets.xcassets */; };
		CC76F4AE26E9D7D000C74968 /* LaunchScreen.storyboard in Resources */ = {isa = PBXBuildFile; fileRef = CC76F4AC26E9D7D000C74968 /* LaunchScreen.storyboard */; };
		CC76F4B926E9D8E000C74968 /* TableViewController.swift in Sources */ = {isa = PBXBuildFile; fileRef = CC76F4B526E9D8E000C74968 /* TableViewController.swift */; };
		CC76F4BA26E9D8E000C74968 /* TableViewCell.swift in Sources */ = {isa = PBXBuildFile; fileRef = CC76F4B626E9D8E000C74968 /* TableViewCell.swift */; };
		CC76F4BB26E9D8E000C74968 /* TableViewController.xib in Resources */ = {isa = PBXBuildFile; fileRef = CC76F4B726E9D8E000C74968 /* TableViewController.xib */; };
		CC76F4BC26E9D8E000C74968 /* TableViewCell.xib in Resources */ = {isa = PBXBuildFile; fileRef = CC76F4B826E9D8E000C74968 /* TableViewCell.xib */; };
		CC76F4C026E9FB8700C74968 /* SceneDelegate.swift in Sources */ = {isa = PBXBuildFile; fileRef = CC76F4BF26E9FB8700C74968 /* SceneDelegate.swift */; };
		CC76F4C226EA043500C74968 /* AppDelegate.swift in Sources */ = {isa = PBXBuildFile; fileRef = CC76F4C126EA043500C74968 /* AppDelegate.swift */; };
		CC76F4CB26EB2FAC00C74968 /* mainScreenVC.swift in Sources */ = {isa = PBXBuildFile; fileRef = CC76F4C926EB2FAC00C74968 /* mainScreenVC.swift */; };
		CC76F4CC26EB2FAC00C74968 /* mainScreenVC.xib in Resources */ = {isa = PBXBuildFile; fileRef = CC76F4CA26EB2FAC00C74968 /* mainScreenVC.xib */; };
		CC76F4CF26F3664C00C74968 /* rootScreen.swift in Sources */ = {isa = PBXBuildFile; fileRef = CC76F4CD26F3664B00C74968 /* rootScreen.swift */; };
		CC76F4D026F3664C00C74968 /* rootScreen.xib in Resources */ = {isa = PBXBuildFile; fileRef = CC76F4CE26F3664B00C74968 /* rootScreen.xib */; };
/* End PBXBuildFile section */

/* Begin PBXFileReference section */
		CC76F49E26E9D7CD00C74968 /* Mfactory2.app */ = {isa = PBXFileReference; explicitFileType = wrapper.application; includeInIndex = 0; path = Mfactory2.app; sourceTree = BUILT_PRODUCTS_DIR; };
		CC76F4AA26E9D7D000C74968 /* Assets.xcassets */ = {isa = PBXFileReference; lastKnownFileType = folder.assetcatalog; path = Assets.xcassets; sourceTree = "<group>"; };
		CC76F4AD26E9D7D000C74968 /* Base */ = {isa = PBXFileReference; lastKnownFileType = file.storyboard; name = Base; path = Base.lproj/LaunchScreen.storyboard; sourceTree = "<group>"; };
		CC76F4AF26E9D7D000C74968 /* Info.plist */ = {isa = PBXFileReference; lastKnownFileType = text.plist.xml; path = Info.plist; sourceTree = "<group>"; };
		CC76F4B526E9D8E000C74968 /* TableViewController.swift */ = {isa = PBXFileReference; fileEncoding = 4; lastKnownFileType = sourcecode.swift; path = TableViewController.swift; sourceTree = "<group>"; };
		CC76F4B626E9D8E000C74968 /* TableViewCell.swift */ = {isa = PBXFileReference; fileEncoding = 4; lastKnownFileType = sourcecode.swift; path = TableViewCell.swift; sourceTree = "<group>"; };
		CC76F4B726E9D8E000C74968 /* TableViewController.xib */ = {isa = PBXFileReference; fileEncoding = 4; lastKnownFileType = file.xib; path = TableViewController.xib; sourceTree = "<group>"; };
		CC76F4B826E9D8E000C74968 /* TableViewCell.xib */ = {isa = PBXFileReference; fileEncoding = 4; lastKnownFileType = file.xib; path = TableViewCell.xib; sourceTree = "<group>"; };
		CC76F4BF26E9FB8700C74968 /* SceneDelegate.swift */ = {isa = PBXFileReference; fileEncoding = 4; lastKnownFileType = sourcecode.swift; path = SceneDelegate.swift; sourceTree = "<group>"; };
		CC76F4C126EA043500C74968 /* AppDelegate.swift */ = {isa = PBXFileReference; fileEncoding = 4; lastKnownFileType = sourcecode.swift; path = AppDelegate.swift; sourceTree = "<group>"; };
		CC76F4C926EB2FAC00C74968 /* mainScreenVC.swift */ = {isa = PBXFileReference; lastKnownFileType = sourcecode.swift; path = mainScreenVC.swift; sourceTree = "<group>"; };
		CC76F4CA26EB2FAC00C74968 /* mainScreenVC.xib */ = {isa = PBXFileReference; lastKnownFileType = file.xib; path = mainScreenVC.xib; sourceTree = "<group>"; };
		CC76F4CD26F3664B00C74968 /* rootScreen.swift */ = {isa = PBXFileReference; lastKnownFileType = sourcecode.swift; path = rootScreen.swift; sourceTree = "<group>"; };
		CC76F4CE26F3664B00C74968 /* rootScreen.xib */ = {isa = PBXFileReference; lastKnownFileType = file.xib; path = rootScreen.xib; sourceTree = "<group>"; };
/* End PBXFileReference section */

/* Begin PBXFrameworksBuildPhase section */
		CC76F49B26E9D7CD00C74968 /* Frameworks */ = {
			isa = PBXFrameworksBuildPhase;
			buildActionMask = 2147483647;
			files = (
			);
			runOnlyForDeploymentPostprocessing = 0;
		};
/* End PBXFrameworksBuildPhase section */

/* Begin PBXGroup section */
		CC76F49526E9D7CD00C74968 = {
			isa = PBXGroup;
			children = (
				CC76F4A026E9D7CD00C74968 /* Mfactory2 */,
				CC76F49F26E9D7CD00C74968 /* Products */,
			);
			sourceTree = "<group>";
		};
		CC76F49F26E9D7CD00C74968 /* Products */ = {
			isa = PBXGroup;
			children = (
				CC76F49E26E9D7CD00C74968 /* Mfactory2.app */,
			);
			name = Products;
			sourceTree = "<group>";
		};
		CC76F4A026E9D7CD00C74968 /* Mfactory2 */ = {
			isa = PBXGroup;
			children = (
				CC76F4C126EA043500C74968 /* AppDelegate.swift */,
				CC76F4BF26E9FB8700C74968 /* SceneDelegate.swift */,
				CC76F4AA26E9D7D000C74968 /* Assets.xcassets */,
				CC76F4AC26E9D7D000C74968 /* LaunchScreen.storyboard */,
				CC76F4AF26E9D7D000C74968 /* Info.plist */,
				CC76F4B626E9D8E000C74968 /* TableViewCell.swift */,
				CC76F4B826E9D8E000C74968 /* TableViewCell.xib */,
				CC76F4B526E9D8E000C74968 /* TableViewController.swift */,
				CC76F4B726E9D8E000C74968 /* TableViewController.xib */,
				CC76F4C926EB2FAC00C74968 /* mainScreenVC.swift */,
				CC76F4CA26EB2FAC00C74968 /* mainScreenVC.xib */,
				CC76F4CD26F3664B00C74968 /* rootScreen.swift */,
				CC76F4CE26F3664B00C74968 /* rootScreen.xib */,
			);
			path = Mfactory2;
			sourceTree = "<group>";
		};
/* End PBXGroup section */

/* Begin PBXNativeTarget section */
		CC76F49D26E9D7CD00C74968 /* Mfactory2 */ = {
			isa = PBXNativeTarget;
			buildConfigurationList = CC76F4B226E9D7D000C74968 /* Build configuration list for PBXNativeTarget "Mfactory2" */;
			buildPhases = (
				CC76F49A26E9D7CD00C74968 /* Sources */,
				CC76F49B26E9D7CD00C74968 /* Frameworks */,
				CC76F49C26E9D7CD00C74968 /* Resources */,
			);
			buildRules = (
			);
			dependencies = (
			);
			name = Mfactory2;
			productName = Mfactory2;
			productReference = CC76F49E26E9D7CD00C74968 /* Mfactory2.app */;
			productType = "com.apple.product-type.application";
		};
/* End PBXNativeTarget section */

/* Begin PBXProject section */
		CC76F49626E9D7CD00C74968 /* Project object */ = {
			isa = PBXProject;
			attributes = {
				LastSwiftUpdateCheck = 1250;
				LastUpgradeCheck = 1250;
				TargetAttributes = {
					CC76F49D26E9D7CD00C74968 = {
						CreatedOnToolsVersion = 12.5.1;
					};
				};
			};
			buildConfigurationList = CC76F49926E9D7CD00C74968 /* Build configuration list for PBXProject "Mfactory2" */;
			compatibilityVersion = "Xcode 9.3";
			developmentRegion = en;
			hasScannedForEncodings = 0;
			knownRegions = (
				en,
				Base,
			);
			mainGroup = CC76F49526E9D7CD00C74968;
			productRefGroup = CC76F49F26E9D7CD00C74968 /* Products */;
			projectDirPath = "";
			projectRoot = "";
			targets = (
				CC76F49D26E9D7CD00C74968 /* Mfactory2 */,
			);
		};
/* End PBXProject section */

/* Begin PBXResourcesBuildPhase section */
		CC76F49C26E9D7CD00C74968 /* Resources */ = {
			isa = PBXResourcesBuildPhase;
			buildActionMask = 2147483647;
			files = (
				CC76F4AE26E9D7D000C74968 /* LaunchScreen.storyboard in Resources */,
				CC76F4CC26EB2FAC00C74968 /* mainScreenVC.xib in Resources */,
				CC76F4BC26E9D8E000C74968 /* TableViewCell.xib in Resources */,
				CC76F4AB26E9D7D000C74968 /* Assets.xcassets in Resources */,
				CC76F4D026F3664C00C74968 /* rootScreen.xib in Resources */,
				CC76F4BB26E9D8E000C74968 /* TableViewController.xib in Resources */,
			);
			runOnlyForDeploymentPostprocessing = 0;
		};
/* End PBXResourcesBuildPhase section */

/* Begin PBXSourcesBuildPhase section */
		CC76F49A26E9D7CD00C74968 /* Sources */ = {
			isa = PBXSourcesBuildPhase;
			buildActionMask = 2147483647;
			files = (
				CC76F4C226EA043500C74968 /* AppDelegate.swift in Sources */,
				CC76F4C026E9FB8700C74968 /* SceneDelegate.swift in Sources */,
				CC76F4BA26E9D8E000C74968 /* TableViewCell.swift in Sources */,
				CC76F4CB26EB2FAC00C74968 /* mainScreenVC.swift in Sources */,
				CC76F4CF26F3664C00C74968 /* rootScreen.swift in Sources */,
				CC76F4B926E9D8E000C74968 /* TableViewController.swift in Sources */,
			);
			runOnlyForDeploymentPostprocessing = 0;
		};
/* End PBXSourcesBuildPhase section */

/* Begin PBXVariantGroup section */
		CC76F4AC26E9D7D000C74968 /* LaunchScreen.storyboard */ = {
			isa = PBXVariantGroup;
			children = (
				CC76F4AD26E9D7D000C74968 /* Base */,
			);
			name = LaunchScreen.storyboard;
			sourceTree = "<group>";
		};
/* End PBXVariantGroup section */

/* Begin XCBuildConfiguration section */
		CC76F4B026E9D7D000C74968 /* Debug */ = {
			isa = XCBuildConfiguration;
			buildSettings = {
				ALWAYS_SEARCH_USER_PATHS = NO;
				CLANG_ANALYZER_NONNULL = YES;
				CLANG_ANALYZER_NUMBER_OBJECT_CONVERSION = YES_AGGRESSIVE;
				CLANG_CXX_LANGUAGE_STANDARD = "gnu++14";
				CLANG_CXX_LIBRARY = "libc++";
				CLANG_ENABLE_MODULES = YES;
				CLANG_ENABLE_OBJC_ARC = YES;
				CLANG_ENABLE_OBJC_WEAK = YES;
				CLANG_WARN_BLOCK_CAPTURE_AUTORELEASING = YES;
				CLANG_WARN_BOOL_CONVERSION = YES;
				CLANG_WARN_COMMA = YES;
				CLANG_WARN_CONSTANT_CONVERSION = YES;
				CLANG_WARN_DEPRECATED_OBJC_IMPLEMENTATIONS = YES;
				CLANG_WARN_DIRECT_OBJC_ISA_USAGE = YES_ERROR;
				CLANG_WARN_DOCUMENTATION_COMMENTS = YES;
				CLANG_WARN_EMPTY_BODY = YES;
				CLANG_WARN_ENUM_CONVERSION = YES;
				CLANG_WARN_INFINITE_RECURSION = YES;
				CLANG_WARN_INT_CONVERSION = YES;
				CLANG_WARN_NON_LITERAL_NULL_CONVERSION = YES;
				CLANG_WARN_OBJC_IMPLICIT_RETAIN_SELF = YES;
				CLANG_WARN_OBJC_LITERAL_CONVERSION = YES;
				CLANG_WARN_OBJC_ROOT_CLASS = YES_ERROR;
				CLANG_WARN_QUOTED_INCLUDE_IN_FRAMEWORK_HEADER = YES;
				CLANG_WARN_RANGE_LOOP_ANALYSIS = YES;
				CLANG_WARN_STRICT_PROTOTYPES = YES;
				CLANG_WARN_SUSPICIOUS_MOVE = YES;
				CLANG_WARN_UNGUARDED_AVAILABILITY = YES_AGGRESSIVE;
				CLANG_WARN_UNREACHABLE_CODE = YES;
				CLANG_WARN__DUPLICATE_METHOD_MATCH = YES;
				COPY_PHASE_STRIP = NO;
				DEBUG_INFORMATION_FORMAT = dwarf;
				ENABLE_STRICT_OBJC_MSGSEND = YES;
				ENABLE_TESTABILITY = YES;
				GCC_C_LANGUAGE_STANDARD = gnu11;
				GCC_DYNAMIC_NO_PIC = NO;
				GCC_NO_COMMON_BLOCKS = YES;
				GCC_OPTIMIZATION_LEVEL = 0;
				GCC_PREPROCESSOR_DEFINITIONS = (
					"DEBUG=1",
					"$(inherited)",
				);
				GCC_WARN_64_TO_32_BIT_CONVERSION = YES;
				GCC_WARN_ABOUT_RETURN_TYPE = YES_ERROR;
				GCC_WARN_UNDECLARED_SELECTOR = YES;
				GCC_WARN_UNINITIALIZED_AUTOS = YES_AGGRESSIVE;
				GCC_WARN_UNUSED_FUNCTION = YES;
				GCC_WARN_UNUSED_VARIABLE = YES;
				IPHONEOS_DEPLOYMENT_TARGET = 14.5;
				MTL_ENABLE_DEBUG_INFO = INCLUDE_SOURCE;
				MTL_FAST_MATH = YES;
				ONLY_ACTIVE_ARCH = YES;
				SDKROOT = iphoneos;
				SWIFT_ACTIVE_COMPILATION_CONDITIONS = DEBUG;
				SWIFT_OPTIMIZATION_LEVEL = "-Onone";
			};
			name = Debug;
		};
		CC76F4B126E9D7D000C74968 /* Release */ = {
			isa = XCBuildConfiguration;
			buildSettings = {
				ALWAYS_SEARCH_USER_PATHS = NO;
				CLANG_ANALYZER_NONNULL = YES;
				CLANG_ANALYZER_NUMBER_OBJECT_CONVERSION = YES_AGGRESSIVE;
				CLANG_CXX_LANGUAGE_STANDARD = "gnu++14";
				CLANG_CXX_LIBRARY = "libc++";
				CLANG_ENABLE_MODULES = YES;
				CLANG_ENABLE_OBJC_ARC = YES;
				CLANG_ENABLE_OBJC_WEAK = YES;
				CLANG_WARN_BLOCK_CAPTURE_AUTORELEASING = YES;
				CLANG_WARN_BOOL_CONVERSION = YES;
				CLANG_WARN_COMMA = YES;
				CLANG_WARN_CONSTANT_CONVERSION = YES;
				CLANG_WARN_DEPRECATED_OBJC_IMPLEMENTATIONS = YES;
				CLANG_WARN_DIRECT_OBJC_ISA_USAGE = YES_ERROR;
				CLANG_WARN_DOCUMENTATION_COMMENTS = YES;
				CLANG_WARN_EMPTY_BODY = YES;
				CLANG_WARN_ENUM_CONVERSION = YES;
				CLANG_WARN_INFINITE_RECURSION = YES;
				CLANG_WARN_INT_CONVERSION = YES;
				CLANG_WARN_NON_LITERAL_NULL_CONVERSION = YES;
				CLANG_WARN_OBJC_IMPLICIT_RETAIN_SELF = YES;
				CLANG_WARN_OBJC_LITERAL_CONVERSION = YES;
				CLANG_WARN_OBJC_ROOT_CLASS = YES_ERROR;
				CLANG_WARN_QUOTED_INCLUDE_IN_FRAMEWORK_HEADER = YES;
				CLANG_WARN_RANGE_LOOP_ANALYSIS = YES;
				CLANG_WARN_STRICT_PROTOTYPES = YES;
				CLANG_WARN_SUSPICIOUS_MOVE = YES;
				CLANG_WARN_UNGUARDED_AVAILABILITY = YES_AGGRESSIVE;
				CLANG_WARN_UNREACHABLE_CODE = YES;
				CLANG_WARN__DUPLICATE_METHOD_MATCH = YES;
				COPY_PHASE_STRIP = NO;
				DEBUG_INFORMATION_FORMAT = "dwarf-with-dsym";
				ENABLE_NS_ASSERTIONS = NO;
				ENABLE_STRICT_OBJC_MSGSEND = YES;
				GCC_C_LANGUAGE_STANDARD = gnu11;
				GCC_NO_COMMON_BLOCKS = YES;
				GCC_WARN_64_TO_32_BIT_CONVERSION = YES;
				GCC_WARN_ABOUT_RETURN_TYPE = YES_ERROR;
				GCC_WARN_UNDECLARED_SELECTOR = YES;
				GCC_WARN_UNINITIALIZED_AUTOS = YES_AGGRESSIVE;
				GCC_WARN_UNUSED_FUNCTION = YES;
				GCC_WARN_UNUSED_VARIABLE = YES;
				IPHONEOS_DEPLOYMENT_TARGET = 14.5;
				MTL_ENABLE_DEBUG_INFO = NO;
				MTL_FAST_MATH = YES;
				SDKROOT = iphoneos;
				SWIFT_COMPILATION_MODE = wholemodule;
				SWIFT_OPTIMIZATION_LEVEL = "-O";
				VALIDATE_PRODUCT = YES;
			};
			name = Release;
		};
		CC76F4B326E9D7D000C74968 /* Debug */ = {
			isa = XCBuildConfiguration;
			buildSettings = {
				ASSETCATALOG_COMPILER_APPICON_NAME = AppIcon;
				ASSETCATALOG_COMPILER_GLOBAL_ACCENT_COLOR_NAME = AccentColor;
				CODE_SIGN_STYLE = Automatic;
				DEVELOPMENT_TEAM = T26M7F7ZW9;
				INFOPLIST_FILE = Mfactory2/Info.plist;
				LD_RUNPATH_SEARCH_PATHS = (
					"$(inherited)",
					"@executable_path/Frameworks",
				);
				PRODUCT_BUNDLE_IDENTIFIER = com.hypprime.Mfactory2;
				PRODUCT_NAME = "$(TARGET_NAME)";
				SWIFT_VERSION = 5.0;
				TARGETED_DEVICE_FAMILY = "1,2";
			};
			name = Debug;
		};
		CC76F4B426E9D7D000C74968 /* Release */ = {
			isa = XCBuildConfiguration;
			buildSettings = {
				ASSETCATALOG_COMPILER_APPICON_NAME = AppIcon;
				ASSETCATALOG_COMPILER_GLOBAL_ACCENT_COLOR_NAME = AccentColor;
				CODE_SIGN_STYLE = Automatic;
				DEVELOPMENT_TEAM = T26M7F7ZW9;
				INFOPLIST_FILE = Mfactory2/Info.plist;
				LD_RUNPATH_SEARCH_PATHS = (
					"$(inherited)",
					"@executable_path/Frameworks",
				);
				PRODUCT_BUNDLE_IDENTIFIER = com.hypprime.Mfactory2;
				PRODUCT_NAME = "$(TARGET_NAME)";
				SWIFT_VERSION = 5.0;
				TARGETED_DEVICE_FAMILY = "1,2";
			};
			name = Release;
		};
/* End XCBuildConfiguration section */

/* Begin XCConfigurationList section */
		CC76F49926E9D7CD00C74968 /* Build configuration list for PBXProject "Mfactory2" */ = {
			isa = XCConfigurationList;
			buildConfigurations = (
				CC76F4B026E9D7D000C74968 /* Debug */,
				CC76F4B126E9D7D000C74968 /* Release */,
			);
			defaultConfigurationIsVisible = 0;
			defaultConfigurationName = Release;
		};
		CC76F4B226E9D7D000C74968 /* Build configuration list for PBXNativeTarget "Mfactory2" */ = {
			isa = XCConfigurationList;
			buildConfigurations = (
				CC76F4B326E9D7D000C74968 /* Debug */,
				CC76F4B426E9D7D000C74968 /* Release */,
			);
			defaultConfigurationIsVisible = 0;
			defaultConfigurationName = Release;
		};
/* End XCConfigurationList section */
	};
	rootObject = CC76F49626E9D7CD00C74968 /* Project object */;
}
